// !$*UTF8*$!
{
	archiveVersion = 1;
	classes = {
	};
	objectVersion = 77;
	objects = {

/* Begin PBXBuildFile section */
		01B6EA630605305A5363C494 /* Normalizer.swift in Sources */ = {isa = PBXBuildFile; fileRef = EA14F1D65CD9EDD0FC59FE2E /* Normalizer.swift */; };
		0C890D9FFA0AF95D26D5861B /* Normalizer.swift in Sources */ = {isa = PBXBuildFile; fileRef = EA14F1D65CD9EDD0FC59FE2E /* Normalizer.swift */; };
		1C4A48CCBB28D560EA45F797 /* BandMapper.swift in Sources */ = {isa = PBXBuildFile; fileRef = EE434BDD57174F7C25A7CF6E /* BandMapper.swift */; };
		1D60A0509B3108AD171BD6E6 /* VisualizerView.swift in Sources */ = {isa = PBXBuildFile; fileRef = 2AF5BB419A66EF5CCE9A2D64 /* VisualizerView.swift */; };
		1E6605C218A29F49FD9FABE1 /* RingBuffer.swift in Sources */ = {isa = PBXBuildFile; fileRef = 3665DDACD6517F5E96FF2DEA /* RingBuffer.swift */; };
		21079FCEC8FD073F3A6A4B9F /* FFTProcessor.swift in Sources */ = {isa = PBXBuildFile; fileRef = 99BE1CF0EF23E20E32963CFE /* FFTProcessor.swift */; };
		237CAC8F691266C7605C4E06 /* InputNodeCapture.swift in Sources */ = {isa = PBXBuildFile; fileRef = 5FE653EA4B3F54DE1C27CB32 /* InputNodeCapture.swift */; };
		295766757DA7A8AEDFBA3A94 /* AudioEngine.swift in Sources */ = {isa = PBXBuildFile; fileRef = 6E42C47DBEC1C72E083223E8 /* AudioEngine.swift */; };
		2C07C59A81D7C358EA7D055D /* BandMapper.swift in Sources */ = {isa = PBXBuildFile; fileRef = EE434BDD57174F7C25A7CF6E /* BandMapper.swift */; };
		30400AFB61EB282622F294F3 /* HoverChrome.swift in Sources */ = {isa = PBXBuildFile; fileRef = 0BD0070DF98052594C8E9FCA /* HoverChrome.swift */; };
		6912BCB7CF785964C9153CBA /* FFTProcessor.swift in Sources */ = {isa = PBXBuildFile; fileRef = 99BE1CF0EF23E20E32963CFE /* FFTProcessor.swift */; };
		6B846BE04D170EF18C37E9EC /* HoverChrome.swift in Sources */ = {isa = PBXBuildFile; fileRef = 0BD0070DF98052594C8E9FCA /* HoverChrome.swift */; };
		6B94125B9ADD77A1D54F4AA5 /* VisualizerStyle.swift in Sources */ = {isa = PBXBuildFile; fileRef = E6132CD2417579B2DA86FC3D /* VisualizerStyle.swift */; };
		789A6AB10736BB44B00C7C74 /* VisualizerView.swift in Sources */ = {isa = PBXBuildFile; fileRef = 2AF5BB419A66EF5CCE9A2D64 /* VisualizerView.swift */; };
		7D9E1A357FA73A0A80D5F64A /* AudioCapturing.swift in Sources */ = {isa = PBXBuildFile; fileRef = 1058B902C34DEC5886CCBA3A /* AudioCapturing.swift */; };
		83CED1800834A7821EC1E51F /* PeakDecayTests.swift in Sources */ = {isa = PBXBuildFile; fileRef = 4DE5047B5D0D34DB6F733833 /* PeakDecayTests.swift */; };
		8D1D052855193253D20F75AA /* ContentView.swift in Sources */ = {isa = PBXBuildFile; fileRef = 786D467F6F748E7FD4F5C890 /* ContentView.swift */; };
		9A57C68E20CBFF848147864F /* PaletteTests.swift in Sources */ = {isa = PBXBuildFile; fileRef = A65A252B0FFC19EF18C34B9E /* PaletteTests.swift */; };
		9F98F97D12EB3A218D0CECDC /* WindowConfigurator.swift in Sources */ = {isa = PBXBuildFile; fileRef = D8119BCC516359F2E69386A6 /* WindowConfigurator.swift */; };
		A077F82052369488375B329A /* VisualizerStyle.swift in Sources */ = {isa = PBXBuildFile; fileRef = E6132CD2417579B2DA86FC3D /* VisualizerStyle.swift */; };
		A25F3F62CA0D6BADB37D5E43 /* PeakDecay.swift in Sources */ = {isa = PBXBuildFile; fileRef = 6DA128FE2AD6D0DD159F3414 /* PeakDecay.swift */; };
		B95D2A5921C44EE387155072 /* eqvizApp.swift in Sources */ = {isa = PBXBuildFile; fileRef = 6E3AB042F8B4058A32DDE806 /* eqvizApp.swift */; };
		BD546B017D412FF8377AC6A3 /* VisualizerPalette.swift in Sources */ = {isa = PBXBuildFile; fileRef = 17D3863BB6586EAF7DAF885B /* VisualizerPalette.swift */; };
		C9A4226CA595D5CAA756DCF9 /* VisualizerPalette.swift in Sources */ = {isa = PBXBuildFile; fileRef = 17D3863BB6586EAF7DAF885B /* VisualizerPalette.swift */; };
		D08E5790F4A7425B2F9829DE /* PeakDecay.swift in Sources */ = {isa = PBXBuildFile; fileRef = 6DA128FE2AD6D0DD159F3414 /* PeakDecay.swift */; };
		F3917E00BF65249FA8AEED38 /* VisualizerLayoutTests.swift in Sources */ = {isa = PBXBuildFile; fileRef = 5DAE284C54E507E98D15E4E5 /* VisualizerLayoutTests.swift */; };
		FB7188C3092DB4064C382170 /* DSPTests.swift in Sources */ = {isa = PBXBuildFile; fileRef = 553699FB74833C954C0DA57B /* DSPTests.swift */; };
/* End PBXBuildFile section */

/* Begin PBXFileReference section */
		0BD0070DF98052594C8E9FCA /* HoverChrome.swift */ = {isa = PBXFileReference; lastKnownFileType = sourcecode.swift; path = HoverChrome.swift; sourceTree = "<group>"; };
		1058B902C34DEC5886CCBA3A /* AudioCapturing.swift */ = {isa = PBXFileReference; lastKnownFileType = sourcecode.swift; path = AudioCapturing.swift; sourceTree = "<group>"; };
		17D3863BB6586EAF7DAF885B /* VisualizerPalette.swift */ = {isa = PBXFileReference; lastKnownFileType = sourcecode.swift; path = VisualizerPalette.swift; sourceTree = "<group>"; };
		2AF5BB419A66EF5CCE9A2D64 /* VisualizerView.swift */ = {isa = PBXFileReference; lastKnownFileType = sourcecode.swift; path = VisualizerView.swift; sourceTree = "<group>"; };
		3665DDACD6517F5E96FF2DEA /* RingBuffer.swift */ = {isa = PBXFileReference; lastKnownFileType = sourcecode.swift; path = RingBuffer.swift; sourceTree = "<group>"; };
		457DE4A0F4E5CFBFCF23A430 /* Info.plist */ = {isa = PBXFileReference; lastKnownFileType = text.plist; path = Info.plist; sourceTree = "<group>"; };
		4DE5047B5D0D34DB6F733833 /* PeakDecayTests.swift */ = {isa = PBXFileReference; lastKnownFileType = sourcecode.swift; path = PeakDecayTests.swift; sourceTree = "<group>"; };
		553699FB74833C954C0DA57B /* DSPTests.swift */ = {isa = PBXFileReference; lastKnownFileType = sourcecode.swift; path = DSPTests.swift; sourceTree = "<group>"; };
		5DAE284C54E507E98D15E4E5 /* VisualizerLayoutTests.swift */ = {isa = PBXFileReference; lastKnownFileType = sourcecode.swift; path = VisualizerLayoutTests.swift; sourceTree = "<group>"; };
		5FE653EA4B3F54DE1C27CB32 /* InputNodeCapture.swift */ = {isa = PBXFileReference; lastKnownFileType = sourcecode.swift; path = InputNodeCapture.swift; sourceTree = "<group>"; };
		6DA128FE2AD6D0DD159F3414 /* PeakDecay.swift */ = {isa = PBXFileReference; lastKnownFileType = sourcecode.swift; path = PeakDecay.swift; sourceTree = "<group>"; };
		6E3AB042F8B4058A32DDE806 /* eqvizApp.swift */ = {isa = PBXFileReference; lastKnownFileType = sourcecode.swift; path = eqvizApp.swift; sourceTree = "<group>"; };
		6E42C47DBEC1C72E083223E8 /* AudioEngine.swift */ = {isa = PBXFileReference; lastKnownFileType = sourcecode.swift; path = AudioEngine.swift; sourceTree = "<group>"; };
		786D467F6F748E7FD4F5C890 /* ContentView.swift */ = {isa = PBXFileReference; lastKnownFileType = sourcecode.swift; path = ContentView.swift; sourceTree = "<group>"; };
		99BE1CF0EF23E20E32963CFE /* FFTProcessor.swift */ = {isa = PBXFileReference; lastKnownFileType = sourcecode.swift; path = FFTProcessor.swift; sourceTree = "<group>"; };
		A65A252B0FFC19EF18C34B9E /* PaletteTests.swift */ = {isa = PBXFileReference; lastKnownFileType = sourcecode.swift; path = PaletteTests.swift; sourceTree = "<group>"; };
		B5D81E359DEC9E4D3775CAC9 /* eqviz.app */ = {isa = PBXFileReference; explicitFileType = wrapper.application; includeInIndex = 0; path = eqviz.app; sourceTree = BUILT_PRODUCTS_DIR; };
		D8119BCC516359F2E69386A6 /* WindowConfigurator.swift */ = {isa = PBXFileReference; lastKnownFileType = sourcecode.swift; path = WindowConfigurator.swift; sourceTree = "<group>"; };
		E48480B6A985C615BA6577ED /* eqvizTests.xctest */ = {isa = PBXFileReference; explicitFileType = wrapper.cfbundle; includeInIndex = 0; path = eqvizTests.xctest; sourceTree = BUILT_PRODUCTS_DIR; };
		E6132CD2417579B2DA86FC3D /* VisualizerStyle.swift */ = {isa = PBXFileReference; lastKnownFileType = sourcecode.swift; path = VisualizerStyle.swift; sourceTree = "<group>"; };
		EA14F1D65CD9EDD0FC59FE2E /* Normalizer.swift */ = {isa = PBXFileReference; lastKnownFileType = sourcecode.swift; path = Normalizer.swift; sourceTree = "<group>"; };
		EE434BDD57174F7C25A7CF6E /* BandMapper.swift */ = {isa = PBXFileReference; lastKnownFileType = sourcecode.swift; path = BandMapper.swift; sourceTree = "<group>"; };
/* End PBXFileReference section */

/* Begin PBXGroup section */
		306D5603F313F92041230AD5 /* Products */ = {
			isa = PBXGroup;
			children = (
				B5D81E359DEC9E4D3775CAC9 /* eqviz.app */,
				E48480B6A985C615BA6577ED /* eqvizTests.xctest */,
			);
			name = Products;
			sourceTree = "<group>";
		};
		4A58EB0168F7DECAD4E98E96 /* DSP */ = {
			isa = PBXGroup;
			children = (
				EE434BDD57174F7C25A7CF6E /* BandMapper.swift */,
				99BE1CF0EF23E20E32963CFE /* FFTProcessor.swift */,
				EA14F1D65CD9EDD0FC59FE2E /* Normalizer.swift */,
				6DA128FE2AD6D0DD159F3414 /* PeakDecay.swift */,
			);
			path = DSP;
			sourceTree = "<group>";
		};
		8CE7A0628DF372ACAEBC61E4 /* eqviz */ = {
			isa = PBXGroup;
			children = (
				786D467F6F748E7FD4F5C890 /* ContentView.swift */,
				6E3AB042F8B4058A32DDE806 /* eqvizApp.swift */,
				457DE4A0F4E5CFBFCF23A430 /* Info.plist */,
				D8119BCC516359F2E69386A6 /* WindowConfigurator.swift */,
				BC6DE915097D0A293DF100CB /* Audio */,
				4A58EB0168F7DECAD4E98E96 /* DSP */,
				D66D41002D7E501EA6B55E6A /* UI */,
			);
			path = eqviz;
			sourceTree = "<group>";
		};
		B18C12E28A4992184F80B415 = {
			isa = PBXGroup;
			children = (
				8CE7A0628DF372ACAEBC61E4 /* eqviz */,
				F44E3DBD32E8D24C80A16898 /* eqvizTests */,
				306D5603F313F92041230AD5 /* Products */,
			);
			sourceTree = "<group>";
		};
		BC6DE915097D0A293DF100CB /* Audio */ = {
			isa = PBXGroup;
			children = (
				1058B902C34DEC5886CCBA3A /* AudioCapturing.swift */,
				6E42C47DBEC1C72E083223E8 /* AudioEngine.swift */,
				5FE653EA4B3F54DE1C27CB32 /* InputNodeCapture.swift */,
				3665DDACD6517F5E96FF2DEA /* RingBuffer.swift */,
			);
			path = Audio;
			sourceTree = "<group>";
		};
		D66D41002D7E501EA6B55E6A /* UI */ = {
			isa = PBXGroup;
			children = (
				0BD0070DF98052594C8E9FCA /* HoverChrome.swift */,
				17D3863BB6586EAF7DAF885B /* VisualizerPalette.swift */,
				E6132CD2417579B2DA86FC3D /* VisualizerStyle.swift */,
				2AF5BB419A66EF5CCE9A2D64 /* VisualizerView.swift */,
			);
			path = UI;
			sourceTree = "<group>";
		};
		F44E3DBD32E8D24C80A16898 /* eqvizTests */ = {
			isa = PBXGroup;
			children = (
				553699FB74833C954C0DA57B /* DSPTests.swift */,
				A65A252B0FFC19EF18C34B9E /* PaletteTests.swift */,
				4DE5047B5D0D34DB6F733833 /* PeakDecayTests.swift */,
				5DAE284C54E507E98D15E4E5 /* VisualizerLayoutTests.swift */,
			);
			path = eqvizTests;
			sourceTree = "<group>";
		};
/* End PBXGroup section */

/* Begin PBXNativeTarget section */
		35B3E3FB614BC5273EAF8C67 /* eqvizTests */ = {
			isa = PBXNativeTarget;
			buildConfigurationList = 56C48513E3186FF0123BCD3F /* Build configuration list for PBXNativeTarget "eqvizTests" */;
			buildPhases = (
				A2E0311F98EDBEE21AC56974 /* Sources */,
			);
			buildRules = (
			);
			dependencies = (
			);
			name = eqvizTests;
			packageProductDependencies = (
			);
			productName = eqvizTests;
			productReference = E48480B6A985C615BA6577ED /* eqvizTests.xctest */;
			productType = "com.apple.product-type.bundle.unit-test";
		};
		57EB098052024945649676FC /* eqviz */ = {
			isa = PBXNativeTarget;
			buildConfigurationList = D380681F6B2C3DE7962C7578 /* Build configuration list for PBXNativeTarget "eqviz" */;
			buildPhases = (
				EB250FE47554786837A7DC84 /* Sources */,
			);
			buildRules = (
			);
			dependencies = (
			);
			name = eqviz;
			packageProductDependencies = (
			);
			productName = eqviz;
			productReference = B5D81E359DEC9E4D3775CAC9 /* eqviz.app */;
			productType = "com.apple.product-type.application";
		};
/* End PBXNativeTarget section */

/* Begin PBXProject section */
		2D4D0721362A37D8FA76736F /* Project object */ = {
			isa = PBXProject;
			attributes = {
				BuildIndependentTargetsInParallel = YES;
				LastUpgradeCheck = 1430;
				TargetAttributes = {
				};
			};
			buildConfigurationList = F99FD4B9AE479FC8BD671D40 /* Build configuration list for PBXProject "eqviz" */;
			developmentRegion = en;
			hasScannedForEncodings = 0;
			knownRegions = (
				Base,
				en,
			);
			mainGroup = B18C12E28A4992184F80B415;
			minimizedProjectReferenceProxies = 1;
			preferredProjectObjectVersion = 77;
			productRefGroup = 306D5603F313F92041230AD5 /* Products */;
			projectDirPath = "";
			projectRoot = "";
			targets = (
				57EB098052024945649676FC /* eqviz */,
				35B3E3FB614BC5273EAF8C67 /* eqvizTests */,
			);
		};
/* End PBXProject section */

/* Begin PBXSourcesBuildPhase section */
		A2E0311F98EDBEE21AC56974 /* Sources */ = {
			isa = PBXSourcesBuildPhase;
			buildActionMask = 2147483647;
			files = (
				1C4A48CCBB28D560EA45F797 /* BandMapper.swift in Sources */,
				FB7188C3092DB4064C382170 /* DSPTests.swift in Sources */,
				21079FCEC8FD073F3A6A4B9F /* FFTProcessor.swift in Sources */,
				6B846BE04D170EF18C37E9EC /* HoverChrome.swift in Sources */,
				0C890D9FFA0AF95D26D5861B /* Normalizer.swift in Sources */,
				9A57C68E20CBFF848147864F /* PaletteTests.swift in Sources */,
				A25F3F62CA0D6BADB37D5E43 /* PeakDecay.swift in Sources */,
				83CED1800834A7821EC1E51F /* PeakDecayTests.swift in Sources */,
				F3917E00BF65249FA8AEED38 /* VisualizerLayoutTests.swift in Sources */,
				BD546B017D412FF8377AC6A3 /* VisualizerPalette.swift in Sources */,
				6B94125B9ADD77A1D54F4AA5 /* VisualizerStyle.swift in Sources */,
				789A6AB10736BB44B00C7C74 /* VisualizerView.swift in Sources */,
			);
			runOnlyForDeploymentPostprocessing = 0;
		};
		EB250FE47554786837A7DC84 /* Sources */ = {
			isa = PBXSourcesBuildPhase;
			buildActionMask = 2147483647;
			files = (
				7D9E1A357FA73A0A80D5F64A /* AudioCapturing.swift in Sources */,
				295766757DA7A8AEDFBA3A94 /* AudioEngine.swift in Sources */,
				2C07C59A81D7C358EA7D055D /* BandMapper.swift in Sources */,
				8D1D052855193253D20F75AA /* ContentView.swift in Sources */,
				6912BCB7CF785964C9153CBA /* FFTProcessor.swift in Sources */,
				30400AFB61EB282622F294F3 /* HoverChrome.swift in Sources */,
				237CAC8F691266C7605C4E06 /* InputNodeCapture.swift in Sources */,
				01B6EA630605305A5363C494 /* Normalizer.swift in Sources */,
				D08E5790F4A7425B2F9829DE /* PeakDecay.swift in Sources */,
				1E6605C218A29F49FD9FABE1 /* RingBuffer.swift in Sources */,
				C9A4226CA595D5CAA756DCF9 /* VisualizerPalette.swift in Sources */,
				A077F82052369488375B329A /* VisualizerStyle.swift in Sources */,
				1D60A0509B3108AD171BD6E6 /* VisualizerView.swift in Sources */,
				9F98F97D12EB3A218D0CECDC /* WindowConfigurator.swift in Sources */,
				B95D2A5921C44EE387155072 /* eqvizApp.swift in Sources */,
			);
			runOnlyForDeploymentPostprocessing = 0;
		};
/* End PBXSourcesBuildPhase section */

/* Begin XCBuildConfiguration section */
		0D1718563C19D42C74BF648D /* Debug */ = {
			isa = XCBuildConfiguration;
			buildSettings = {
				BUNDLE_LOADER = "$(TEST_HOST)";
				CODE_SIGNING_REQUIRED = NO;
				CODE_SIGN_IDENTITY = "-";
				COMBINE_HIDPI_IMAGES = YES;
				GENERATE_INFOPLIST_FILE = YES;
				LD_RUNPATH_SEARCH_PATHS = (
					"$(inherited)",
					"@executable_path/../Frameworks",
					"@loader_path/../Frameworks",
				);
				MACOSX_DEPLOYMENT_TARGET = 14.0;
				PRODUCT_BUNDLE_IDENTIFIER = dev.local.eqviz.tests;
				SDKROOT = macosx;
				SWIFT_VERSION = 5.0;
			};
			name = Debug;
		};
		2899982E68727505A7B45D36 /* Release */ = {
			isa = XCBuildConfiguration;
			buildSettings = {
				ALWAYS_SEARCH_USER_PATHS = NO;
				ARCHS = arm64;
				CLANG_ANALYZER_NONNULL = YES;
				CLANG_ANALYZER_NUMBER_OBJECT_CONVERSION = YES_AGGRESSIVE;
				CLANG_CXX_LANGUAGE_STANDARD = "gnu++14";
				CLANG_CXX_LIBRARY = "libc++";
				CLANG_ENABLE_MODULES = YES;
				CLANG_ENABLE_OBJC_ARC = YES;
				CLANG_ENABLE_OBJC_WEAK = YES;
				CLANG_WARN_BLOCK_CAPTURE_AUTORELEASING = YES;
				CLANG_WARN_BOOL_CONVERSION = YES;
				CLANG_WARN_COMMA = YES;
				CLANG_WARN_CONSTANT_CONVERSION = YES;
				CLANG_WARN_DEPRECATED_OBJC_IMPLEMENTATIONS = YES;
				CLANG_WARN_DIRECT_OBJC_ISA_USAGE = YES_ERROR;
				CLANG_WARN_DOCUMENTATION_COMMENTS = YES;
				CLANG_WARN_EMPTY_BODY = YES;
				CLANG_WARN_ENUM_CONVERSION = YES;
				CLANG_WARN_INFINITE_RECURSION = YES;
				CLANG_WARN_INT_CONVERSION = YES;
				CLANG_WARN_NON_LITERAL_NULL_CONVERSION = YES;
				CLANG_WARN_OBJC_IMPLICIT_RETAIN_SELF = YES;
				CLANG_WARN_OBJC_LITERAL_CONVERSION = YES;
				CLANG_WARN_OBJC_ROOT_CLASS = YES_ERROR;
				CLANG_WARN_QUOTED_INCLUDE_IN_FRAMEWORK_HEADER = YES;
				CLANG_WARN_RANGE_LOOP_ANALYSIS = YES;
				CLANG_WARN_STRICT_PROTOTYPES = YES;
				CLANG_WARN_SUSPICIOUS_MOVE = YES;
				CLANG_WARN_UNGUARDED_AVAILABILITY = YES_AGGRESSIVE;
				CLANG_WARN_UNREACHABLE_CODE = YES;
				CLANG_WARN__DUPLICATE_METHOD_MATCH = YES;
				CODE_SIGNING_REQUIRED = NO;
				CODE_SIGN_IDENTITY = "-";
				COPY_PHASE_STRIP = NO;
				DEBUG_INFORMATION_FORMAT = "dwarf-with-dsym";
				ENABLE_HARDENED_RUNTIME = NO;
				ENABLE_NS_ASSERTIONS = NO;
				ENABLE_STRICT_OBJC_MSGSEND = YES;
				GCC_C_LANGUAGE_STANDARD = gnu11;
				GCC_NO_COMMON_BLOCKS = YES;
				GCC_WARN_64_TO_32_BIT_CONVERSION = YES;
				GCC_WARN_ABOUT_RETURN_TYPE = YES_ERROR;
				GCC_WARN_UNDECLARED_SELECTOR = YES;
				GCC_WARN_UNINITIALIZED_AUTOS = YES_AGGRESSIVE;
				GCC_WARN_UNUSED_FUNCTION = YES;
				GCC_WARN_UNUSED_VARIABLE = YES;
				MACOSX_DEPLOYMENT_TARGET = 14.0;
				MTL_ENABLE_DEBUG_INFO = NO;
				MTL_FAST_MATH = YES;
				ONLY_ACTIVE_ARCH = YES;
				PRODUCT_NAME = "$(TARGET_NAME)";
				SDKROOT = macosx;
				SWIFT_COMPILATION_MODE = wholemodule;
				SWIFT_OPTIMIZATION_LEVEL = "-O";
				SWIFT_VERSION = 5.0;
			};
			name = Release;
		};
		56BAE511EA6A09F317D638A0 /* Debug */ = {
			isa = XCBuildConfiguration;
			buildSettings = {
				ASSETCATALOG_COMPILER_APPICON_NAME = AppIcon;
				COMBINE_HIDPI_IMAGES = YES;
				CURRENT_PROJECT_VERSION = 1;
				GENERATE_INFOPLIST_FILE = YES;
				INFOPLIST_FILE = eqviz/Info.plist;
				INFOPLIST_KEY_CFBundleDisplayName = eqviz;
				INFOPLIST_KEY_LSApplicationCategoryType = "public.app-category.music";
				INFOPLIST_KEY_NSHighResolutionCapable = YES;
				LD_RUNPATH_SEARCH_PATHS = (
					"$(inherited)",
					"@executable_path/../Frameworks",
				);
				MACOSX_DEPLOYMENT_TARGET = 14.0;
				MARKETING_VERSION = 0.0.1;
				PRODUCT_BUNDLE_IDENTIFIER = dev.local.eqviz;
				PRODUCT_NAME = eqviz;
				SDKROOT = macosx;
			};
			name = Debug;
		};
		90E53DE9FB708EB7F7E55BF5 /* Release */ = {
			isa = XCBuildConfiguration;
			buildSettings = {
				ASSETCATALOG_COMPILER_APPICON_NAME = AppIcon;
				COMBINE_HIDPI_IMAGES = YES;
				CURRENT_PROJECT_VERSION = 1;
				GENERATE_INFOPLIST_FILE = YES;
				INFOPLIST_FILE = eqviz/Info.plist;
				INFOPLIST_KEY_CFBundleDisplayName = eqviz;
				INFOPLIST_KEY_LSApplicationCategoryType = "public.app-category.music";
				INFOPLIST_KEY_NSHighResolutionCapable = YES;
				LD_RUNPATH_SEARCH_PATHS = (
					"$(inherited)",
					"@executable_path/../Frameworks",
				);
				MACOSX_DEPLOYMENT_TARGET = 14.0;
				MARKETING_VERSION = 0.0.1;
				PRODUCT_BUNDLE_IDENTIFIER = dev.local.eqviz;
				PRODUCT_NAME = eqviz;
				SDKROOT = macosx;
			};
			name = Release;
		};
		DBD760FEC51401BF3D8A2F14 /* Release */ = {
			isa = XCBuildConfiguration;
			buildSettings = {
				BUNDLE_LOADER = "$(TEST_HOST)";
				CODE_SIGNING_REQUIRED = NO;
				CODE_SIGN_IDENTITY = "-";
				COMBINE_HIDPI_IMAGES = YES;
				GENERATE_INFOPLIST_FILE = YES;
				LD_RUNPATH_SEARCH_PATHS = (
					"$(inherited)",
					"@executable_path/../Frameworks",
					"@loader_path/../Frameworks",
				);
				MACOSX_DEPLOYMENT_TARGET = 14.0;
				PRODUCT_BUNDLE_IDENTIFIER = dev.local.eqviz.tests;
				SDKROOT = macosx;
				SWIFT_VERSION = 5.0;
			};
			name = Release;
		};
		E1121A3ABE5F2DBE47EBFFE2 /* Debug */ = {
			isa = XCBuildConfiguration;
			buildSettings = {
				ALWAYS_SEARCH_USER_PATHS = NO;
				ARCHS = arm64;
				CLANG_ANALYZER_NONNULL = YES;
				CLANG_ANALYZER_NUMBER_OBJECT_CONVERSION = YES_AGGRESSIVE;
				CLANG_CXX_LANGUAGE_STANDARD = "gnu++14";
				CLANG_CXX_LIBRARY = "libc++";
				CLANG_ENABLE_MODULES = YES;
				CLANG_ENABLE_OBJC_ARC = YES;
				CLANG_ENABLE_OBJC_WEAK = YES;
				CLANG_WARN_BLOCK_CAPTURE_AUTORELEASING = YES;
				CLANG_WARN_BOOL_CONVERSION = YES;
				CLANG_WARN_COMMA = YES;
				CLANG_WARN_CONSTANT_CONVERSION = YES;
				CLANG_WARN_DEPRECATED_OBJC_IMPLEMENTATIONS = YES;
				CLANG_WARN_DIRECT_OBJC_ISA_USAGE = YES_ERROR;
				CLANG_WARN_DOCUMENTATION_COMMENTS = YES;
				CLANG_WARN_EMPTY_BODY = YES;
				CLANG_WARN_ENUM_CONVERSION = YES;
				CLANG_WARN_INFINITE_RECURSION = YES;
				CLANG_WARN_INT_CONVERSION = YES;
				CLANG_WARN_NON_LITERAL_NULL_CONVERSION = YES;
				CLANG_WARN_OBJC_IMPLICIT_RETAIN_SELF = YES;
				CLANG_WARN_OBJC_LITERAL_CONVERSION = YES;
				CLANG_WARN_OBJC_ROOT_CLASS = YES_ERROR;
				CLANG_WARN_QUOTED_INCLUDE_IN_FRAMEWORK_HEADER = YES;
				CLANG_WARN_RANGE_LOOP_ANALYSIS = YES;
				CLANG_WARN_STRICT_PROTOTYPES = YES;
				CLANG_WARN_SUSPICIOUS_MOVE = YES;
				CLANG_WARN_UNGUARDED_AVAILABILITY = YES_AGGRESSIVE;
				CLANG_WARN_UNREACHABLE_CODE = YES;
				CLANG_WARN__DUPLICATE_METHOD_MATCH = YES;
				CODE_SIGNING_REQUIRED = NO;
				CODE_SIGN_IDENTITY = "-";
				COPY_PHASE_STRIP = NO;
				DEBUG_INFORMATION_FORMAT = dwarf;
				ENABLE_HARDENED_RUNTIME = NO;
				ENABLE_STRICT_OBJC_MSGSEND = YES;
				ENABLE_TESTABILITY = YES;
				GCC_C_LANGUAGE_STANDARD = gnu11;
				GCC_DYNAMIC_NO_PIC = NO;
				GCC_NO_COMMON_BLOCKS = YES;
				GCC_OPTIMIZATION_LEVEL = 0;
				GCC_PREPROCESSOR_DEFINITIONS = (
					"$(inherited)",
					"DEBUG=1",
				);
				GCC_WARN_64_TO_32_BIT_CONVERSION = YES;
				GCC_WARN_ABOUT_RETURN_TYPE = YES_ERROR;
				GCC_WARN_UNDECLARED_SELECTOR = YES;
				GCC_WARN_UNINITIALIZED_AUTOS = YES_AGGRESSIVE;
				GCC_WARN_UNUSED_FUNCTION = YES;
				GCC_WARN_UNUSED_VARIABLE = YES;
				MACOSX_DEPLOYMENT_TARGET = 14.0;
				MTL_ENABLE_DEBUG_INFO = INCLUDE_SOURCE;
				MTL_FAST_MATH = YES;
				ONLY_ACTIVE_ARCH = YES;
				PRODUCT_NAME = "$(TARGET_NAME)";
				SDKROOT = macosx;
				SWIFT_ACTIVE_COMPILATION_CONDITIONS = DEBUG;
				SWIFT_OPTIMIZATION_LEVEL = "-Onone";
				SWIFT_VERSION = 5.0;
			};
			name = Debug;
		};
/* End XCBuildConfiguration section */

/* Begin XCConfigurationList section */
		56C48513E3186FF0123BCD3F /* Build configuration list for PBXNativeTarget "eqvizTests" */ = {
			isa = XCConfigurationList;
			buildConfigurations = (
				0D1718563C19D42C74BF648D /* Debug */,
				DBD760FEC51401BF3D8A2F14 /* Release */,
			);
			defaultConfigurationIsVisible = 0;
			defaultConfigurationName = Debug;
		};
		D380681F6B2C3DE7962C7578 /* Build configuration list for PBXNativeTarget "eqviz" */ = {
			isa = XCConfigurationList;
			buildConfigurations = (
				56BAE511EA6A09F317D638A0 /* Debug */,
				90E53DE9FB708EB7F7E55BF5 /* Release */,
			);
			defaultConfigurationIsVisible = 0;
			defaultConfigurationName = Debug;
		};
		F99FD4B9AE479FC8BD671D40 /* Build configuration list for PBXProject "eqviz" */ = {
			isa = XCConfigurationList;
			buildConfigurations = (
				E1121A3ABE5F2DBE47EBFFE2 /* Debug */,
				2899982E68727505A7B45D36 /* Release */,
			);
			defaultConfigurationIsVisible = 0;
			defaultConfigurationName = Debug;
		};
/* End XCConfigurationList section */
	};
	rootObject = 2D4D0721362A37D8FA76736F /* Project object */;
}
